
Microsoft Visual Studio Solution File, Format Version 12.00
# Visual Studio Version 17
VisualStudioVersion = 17.11.35219.272
MinimumVisualStudioVersion = 10.0.40219.1
Project("{FAE04EC0-301F-11D3-BF4B-00C04F79EFBC}") = "HaftaKapanış", "HaftaKapanış\HaftaKapanış.csproj", "{990E49A6-9D1A-4138-A28C-8BA2D4225DE5}"
EndProject
Global
	GlobalSection(SolutionConfigurationPlatforms) = preSolution
		Debug|Any CPU = Debug|Any CPU
		Release|Any CPU = Release|Any CPU
	EndGlobalSection
	GlobalSection(ProjectConfigurationPlatforms) = postSolution
		{990E49A6-9D1A-4138-A28C-8BA2D4225DE5}.Debug|Any CPU.ActiveCfg = Debug|Any CPU
		{990E49A6-9D1A-4138-A28C-8BA2D4225DE5}.Debug|Any CPU.Build.0 = Debug|Any CPU
		{990E49A6-9D1A-4138-A28C-8BA2D4225DE5}.Release|Any CPU.ActiveCfg = Release|Any CPU
		{990E49A6-9D1A-4138-A28C-8BA2D4225DE5}.Release|Any CPU.Build.0 = Release|Any CPU
	EndGlobalSection
	GlobalSection(SolutionProperties) = preSolution
		HideSolutionNode = FALSE
	EndGlobalSection
	GlobalSection(ExtensibilityGlobals) = postSolution
		SolutionGuid = {9C968304-9842-482A-9EA7-15BB4818BE60}
	EndGlobalSection
EndGlobal
